
Microsoft Visual Studio Solution File, Format Version 12.00
# Visual Studio Version 17
VisualStudioVersion = 17.14.36518.9 d17.14
MinimumVisualStudioVersion = 10.0.40219.1
Project("{FAE04EC0-301F-11D3-BF4B-00C04F79EFBC}") = "BellaWeb", "BellaWeb\BellaWeb.csproj", "{C725FF83-EB25-4260-A96F-4CC7BC5CFE43}"
EndProject
Global
	GlobalSection(SolutionConfigurationPlatforms) = preSolution
		Debug|Any CPU = Debug|Any CPU
		Release|Any CPU = Release|Any CPU
	EndGlobalSection
	GlobalSection(ProjectConfigurationPlatforms) = postSolution
		{C725FF83-EB25-4260-A96F-4CC7BC5CFE43}.Debug|Any CPU.ActiveCfg = Debug|Any CPU
		{C725FF83-EB25-4260-A96F-4CC7BC5CFE43}.Debug|Any CPU.Build.0 = Debug|Any CPU
		{C725FF83-EB25-4260-A96F-4CC7BC5CFE43}.Release|Any CPU.ActiveCfg = Release|Any CPU
		{C725FF83-EB25-4260-A96F-4CC7BC5CFE43}.Release|Any CPU.Build.0 = Release|Any CPU
	EndGlobalSection
	GlobalSection(SolutionProperties) = preSolution
		HideSolutionNode = FALSE
	EndGlobalSection
	GlobalSection(ExtensibilityGlobals) = postSolution
		SolutionGuid = {77E49025-790D-45D5-8F58-A2038D8BC9CC}
	EndGlobalSection
EndGlobal
